{
  "name": "my",
  "version": "1.0.0",
  "lockfileVersion": 2,
  "requires": true,
  "packages": {
    "": {
      "name": "my",
      "version": "1.0.0",
      "license": "MIT",
      "dependencies": {
        "@lylajs/my": "^0.5.3"
      }
    },
    "node_modules/@lylajs/core": {
      "version": "0.5.3",
      "resolved": "https://registry.npmjs.org/@lylajs/core/-/core-0.5.3.tgz",
      "integrity": "sha512-XZe2O1tfccVlkYm1IsdeCMYhDfr/1FOYetnLqps16M6SKYekhoZcIuEO1fVtkzIfpyKx8fxOGujWBZg/I8fUJg=="
    },
    "node_modules/@lylajs/my": {
      "version": "0.5.3",
      "resolved": "https://registry.npmjs.org/@lylajs/my/-/my-0.5.3.tgz",
      "integrity": "sha512-RlNAUEPGEA4lG8a6Lz31O/tZ/yexAMv7SecFXMPZtHEIxHKHi7JdFGa9TaWk5j7XzUeXKfG5U+e2GCS3bfIMXw==",
      "dependencies": {
        "@lylajs/core": "0.5.3"
      }
    }
  },
  "dependencies": {
    "@lylajs/core": {
      "version": "0.5.3",
      "resolved": "https://registry.npmjs.org/@lylajs/core/-/core-0.5.3.tgz",
      "integrity": "sha512-XZe2O1tfccVlkYm1IsdeCMYhDfr/1FOYetnLqps16M6SKYekhoZcIuEO1fVtkzIfpyKx8fxOGujWBZg/I8fUJg=="
    },
    "@lylajs/my": {
      "version": "0.5.3",
      "resolved": "https://registry.npmjs.org/@lylajs/my/-/my-0.5.3.tgz",
      "integrity": "sha512-RlNAUEPGEA4lG8a6Lz31O/tZ/yexAMv7SecFXMPZtHEIxHKHi7JdFGa9TaWk5j7XzUeXKfG5U+e2GCS3bfIMXw==",
      "requires": {
        "@lylajs/core": "0.5.3"
      }
    }
  }
}
