{
  "name": "my",
  "version": "1.0.0",
  "lockfileVersion": 2,
  "requires": true,
  "packages": {
    "": {
      "name": "my",
      "version": "1.0.0",
      "license": "MIT",
      "dependencies": {
        "@lylajs/my": "^0.5.6"
      }
    },
    "node_modules/@lylajs/core": {
      "version": "0.5.6",
      "resolved": "https://registry.npmjs.org/@lylajs/core/-/core-0.5.6.tgz",
      "integrity": "sha512-w5mAxSFAWpC20joEaohT2d0Bakw0dIpXYC825/ok6GDQT9eD8s0ysc+C4vi1MeS7y9WjxcGQOHwSeQ1IoY4o/Q=="
    },
    "node_modules/@lylajs/my": {
      "version": "0.5.6",
      "resolved": "https://registry.npmjs.org/@lylajs/my/-/my-0.5.6.tgz",
      "integrity": "sha512-tQb8O/Qpw+BNi7czNapRQ+4TeDtTePilQZA18kHbx61LZ81RcC+Ew1Skyfu26tt3GZUQA5IkzTRktQqh8z9jBQ==",
      "dependencies": {
        "@lylajs/core": "0.5.6"
      }
    }
  },
  "dependencies": {
    "@lylajs/core": {
      "version": "0.5.6",
      "resolved": "https://registry.npmjs.org/@lylajs/core/-/core-0.5.6.tgz",
      "integrity": "sha512-w5mAxSFAWpC20joEaohT2d0Bakw0dIpXYC825/ok6GDQT9eD8s0ysc+C4vi1MeS7y9WjxcGQOHwSeQ1IoY4o/Q=="
    },
    "@lylajs/my": {
      "version": "0.5.6",
      "resolved": "https://registry.npmjs.org/@lylajs/my/-/my-0.5.6.tgz",
      "integrity": "sha512-tQb8O/Qpw+BNi7czNapRQ+4TeDtTePilQZA18kHbx61LZ81RcC+Ew1Skyfu26tt3GZUQA5IkzTRktQqh8z9jBQ==",
      "requires": {
        "@lylajs/core": "0.5.6"
      }
    }
  }
}
