{
  "name": "my",
  "version": "1.0.0",
  "lockfileVersion": 2,
  "requires": true,
  "packages": {
    "": {
      "name": "my",
      "version": "1.0.0",
      "license": "MIT",
      "dependencies": {
        "@lylajs/my": "^0.5.5"
      }
    },
    "node_modules/@lylajs/core": {
      "version": "0.5.5",
      "resolved": "https://registry.npmjs.org/@lylajs/core/-/core-0.5.5.tgz",
      "integrity": "sha512-Rrf771e58pHGseYks+5MXS/jMIn2Cx/zi7r8Ev8FI5Qix9H7WSeyePOyGYCo2a1I/Ocu0a+AtCzne9vnjlD8aQ=="
    },
    "node_modules/@lylajs/my": {
      "version": "0.5.5",
      "resolved": "https://registry.npmjs.org/@lylajs/my/-/my-0.5.5.tgz",
      "integrity": "sha512-pdBJM2TlgbBir23iPrE5yBPoD72SQ8c54lL+p6E9itSqkZ9WWKVge3FqJnRo1HAIRcjf2rATbxSxpspcXj5/Bg==",
      "dependencies": {
        "@lylajs/core": "0.5.5"
      }
    }
  },
  "dependencies": {
    "@lylajs/core": {
      "version": "0.5.5",
      "resolved": "https://registry.npmjs.org/@lylajs/core/-/core-0.5.5.tgz",
      "integrity": "sha512-Rrf771e58pHGseYks+5MXS/jMIn2Cx/zi7r8Ev8FI5Qix9H7WSeyePOyGYCo2a1I/Ocu0a+AtCzne9vnjlD8aQ=="
    },
    "@lylajs/my": {
      "version": "0.5.5",
      "resolved": "https://registry.npmjs.org/@lylajs/my/-/my-0.5.5.tgz",
      "integrity": "sha512-pdBJM2TlgbBir23iPrE5yBPoD72SQ8c54lL+p6E9itSqkZ9WWKVge3FqJnRo1HAIRcjf2rATbxSxpspcXj5/Bg==",
      "requires": {
        "@lylajs/core": "0.5.5"
      }
    }
  }
}
