{
  "name": "wx",
  "version": "1.0.0",
  "lockfileVersion": 2,
  "requires": true,
  "packages": {
    "": {
      "name": "wx",
      "version": "1.0.0",
      "license": "MIT",
      "dependencies": {
        "@lylajs/wx": "^0.4.10"
      }
    },
    "node_modules/@lylajs/core": {
      "version": "0.4.10",
      "resolved": "https://registry.npmjs.org/@lylajs/core/-/core-0.4.10.tgz",
      "integrity": "sha512-sK/VWnUL3iTyJL0buwAsOEkmdjX5EftGru7sB9vw83rf+GgMhxG3U/gKAYdNeOVARvrr3mbWll3YLGFLrxdysw=="
    },
    "node_modules/@lylajs/wx": {
      "version": "0.4.10",
      "resolved": "https://registry.npmjs.org/@lylajs/wx/-/wx-0.4.10.tgz",
      "integrity": "sha512-9esIizfpf0rj/0YFQqXM0NVzN5UO8D8X3OuOXQB040TYI6zKU2y7inE0rfrcgSj3t0Kmwz3lK83vv9qDyeAj1g==",
      "dependencies": {
        "@lylajs/core": "0.4.10"
      }
    }
  },
  "dependencies": {
    "@lylajs/core": {
      "version": "0.4.10",
      "resolved": "https://registry.npmjs.org/@lylajs/core/-/core-0.4.10.tgz",
      "integrity": "sha512-sK/VWnUL3iTyJL0buwAsOEkmdjX5EftGru7sB9vw83rf+GgMhxG3U/gKAYdNeOVARvrr3mbWll3YLGFLrxdysw=="
    },
    "@lylajs/wx": {
      "version": "0.4.10",
      "resolved": "https://registry.npmjs.org/@lylajs/wx/-/wx-0.4.10.tgz",
      "integrity": "sha512-9esIizfpf0rj/0YFQqXM0NVzN5UO8D8X3OuOXQB040TYI6zKU2y7inE0rfrcgSj3t0Kmwz3lK83vv9qDyeAj1g==",
      "requires": {
        "@lylajs/core": "0.4.10"
      }
    }
  }
}
