{
  "name": "tt",
  "version": "1.0.0",
  "lockfileVersion": 2,
  "requires": true,
  "packages": {
    "": {
      "name": "tt",
      "version": "1.0.0",
      "license": "ISC",
      "devDependencies": {
        "@lylajs/tt": "^0.4.9"
      }
    },
    "node_modules/@lylajs/core": {
      "version": "0.4.9",
      "resolved": "https://registry.npmjs.org/@lylajs/core/-/core-0.4.9.tgz",
      "integrity": "sha512-lDM/W+RhFteIri0/bEebNAH9f1g0IHLfvjfbM8daTSeIBXU/HdJrAF30a3/demCRnVnz0+7+ppVUj3eBPMkLHA==",
      "dev": true
    },
    "node_modules/@lylajs/tt": {
      "version": "0.4.9",
      "resolved": "https://registry.npmjs.org/@lylajs/tt/-/tt-0.4.9.tgz",
      "integrity": "sha512-esVYycal02CD+9UOAxOg/e5Gtwf47MUYp9tTHChoyDAG2WWw4C1Nu0JWFNrweVpyR1lAEr1vbjLN4n0bwG88VA==",
      "dev": true,
      "dependencies": {
        "@lylajs/core": "0.4.9"
      }
    }
  },
  "dependencies": {
    "@lylajs/core": {
      "version": "0.4.9",
      "resolved": "https://registry.npmjs.org/@lylajs/core/-/core-0.4.9.tgz",
      "integrity": "sha512-lDM/W+RhFteIri0/bEebNAH9f1g0IHLfvjfbM8daTSeIBXU/HdJrAF30a3/demCRnVnz0+7+ppVUj3eBPMkLHA==",
      "dev": true
    },
    "@lylajs/tt": {
      "version": "0.4.9",
      "resolved": "https://registry.npmjs.org/@lylajs/tt/-/tt-0.4.9.tgz",
      "integrity": "sha512-esVYycal02CD+9UOAxOg/e5Gtwf47MUYp9tTHChoyDAG2WWw4C1Nu0JWFNrweVpyR1lAEr1vbjLN4n0bwG88VA==",
      "dev": true,
      "requires": {
        "@lylajs/core": "0.4.9"
      }
    }
  }
}
