{
  "name": "qq",
  "version": "1.0.0",
  "lockfileVersion": 2,
  "requires": true,
  "packages": {
    "": {
      "name": "qq",
      "version": "1.0.0",
      "license": "MIT",
      "dependencies": {
        "@lylajs/qq": "^0.5.8"
      }
    },
    "node_modules/@lylajs/core": {
      "version": "0.5.8",
      "resolved": "https://registry.npmjs.org/@lylajs/core/-/core-0.5.8.tgz",
      "integrity": "sha512-Uv69NTuSF1cSu9VRUPdhf/8Xe2P3FCCVlRcP7r3yyiYzp9O/f4NV2uka/Fafd+4mk8xhJMK6s/UBIh1+MzOdmg=="
    },
    "node_modules/@lylajs/qq": {
      "version": "0.5.8",
      "resolved": "https://registry.npmjs.org/@lylajs/qq/-/qq-0.5.8.tgz",
      "integrity": "sha512-hxfSRAs7TjhJZI3CsoErzXuG7T4gnO37V0F6w88OQqHyvmzIpcFgWHOxdMSsPbV579ml0iuA02pOO53k96sdAA==",
      "dependencies": {
        "@lylajs/core": "0.5.8"
      }
    }
  },
  "dependencies": {
    "@lylajs/core": {
      "version": "0.5.8",
      "resolved": "https://registry.npmjs.org/@lylajs/core/-/core-0.5.8.tgz",
      "integrity": "sha512-Uv69NTuSF1cSu9VRUPdhf/8Xe2P3FCCVlRcP7r3yyiYzp9O/f4NV2uka/Fafd+4mk8xhJMK6s/UBIh1+MzOdmg=="
    },
    "@lylajs/qq": {
      "version": "0.5.8",
      "resolved": "https://registry.npmjs.org/@lylajs/qq/-/qq-0.5.8.tgz",
      "integrity": "sha512-hxfSRAs7TjhJZI3CsoErzXuG7T4gnO37V0F6w88OQqHyvmzIpcFgWHOxdMSsPbV579ml0iuA02pOO53k96sdAA==",
      "requires": {
        "@lylajs/core": "0.5.8"
      }
    }
  }
}
