{
  "name": "qq",
  "version": "1.0.0",
  "lockfileVersion": 2,
  "requires": true,
  "packages": {
    "": {
      "name": "qq",
      "version": "1.0.0",
      "license": "MIT",
      "dependencies": {
        "@lylajs/qq": "^0.5.7"
      }
    },
    "node_modules/@lylajs/core": {
      "version": "0.5.7",
      "resolved": "https://registry.npmjs.org/@lylajs/core/-/core-0.5.7.tgz",
      "integrity": "sha512-BlWQQPG8IEH7M62XP2+0EPfPuJbjW4Yzza3FZgFJ/2w3ZmorJCiRTZI9YlH1f0lS8YLM3G8quYJrPLOfkHGAYQ=="
    },
    "node_modules/@lylajs/qq": {
      "version": "0.5.7",
      "resolved": "https://registry.npmjs.org/@lylajs/qq/-/qq-0.5.7.tgz",
      "integrity": "sha512-bC/2v3aGJznvuwjjmfRe/QZyPMRqDVu8LKsFFBOKboLt3Ne898ujtYL4rUDirfsceGoDH0VxiW+F8tTJWaQnBA==",
      "dependencies": {
        "@lylajs/core": "0.5.7"
      }
    }
  },
  "dependencies": {
    "@lylajs/core": {
      "version": "0.5.7",
      "resolved": "https://registry.npmjs.org/@lylajs/core/-/core-0.5.7.tgz",
      "integrity": "sha512-BlWQQPG8IEH7M62XP2+0EPfPuJbjW4Yzza3FZgFJ/2w3ZmorJCiRTZI9YlH1f0lS8YLM3G8quYJrPLOfkHGAYQ=="
    },
    "@lylajs/qq": {
      "version": "0.5.7",
      "resolved": "https://registry.npmjs.org/@lylajs/qq/-/qq-0.5.7.tgz",
      "integrity": "sha512-bC/2v3aGJznvuwjjmfRe/QZyPMRqDVu8LKsFFBOKboLt3Ne898ujtYL4rUDirfsceGoDH0VxiW+F8tTJWaQnBA==",
      "requires": {
        "@lylajs/core": "0.5.7"
      }
    }
  }
}
