{
  "name": "qq",
  "version": "1.0.0",
  "lockfileVersion": 2,
  "requires": true,
  "packages": {
    "": {
      "name": "qq",
      "version": "1.0.0",
      "license": "MIT",
      "dependencies": {
        "@lylajs/qq": "^0.5.3"
      }
    },
    "node_modules/@lylajs/core": {
      "version": "0.5.3",
      "resolved": "https://registry.npmjs.org/@lylajs/core/-/core-0.5.3.tgz",
      "integrity": "sha512-XZe2O1tfccVlkYm1IsdeCMYhDfr/1FOYetnLqps16M6SKYekhoZcIuEO1fVtkzIfpyKx8fxOGujWBZg/I8fUJg=="
    },
    "node_modules/@lylajs/qq": {
      "version": "0.5.3",
      "resolved": "https://registry.npmjs.org/@lylajs/qq/-/qq-0.5.3.tgz",
      "integrity": "sha512-QhRmXXOddQ2Fbe+U0z+PztGhFJ2nySXcjBnUsqV+H/5aYVbgvVx6AIej/pIwBHTQJIqWlJj0vLPk+1jLbeqy4A==",
      "dependencies": {
        "@lylajs/core": "0.5.3"
      }
    }
  },
  "dependencies": {
    "@lylajs/core": {
      "version": "0.5.3",
      "resolved": "https://registry.npmjs.org/@lylajs/core/-/core-0.5.3.tgz",
      "integrity": "sha512-XZe2O1tfccVlkYm1IsdeCMYhDfr/1FOYetnLqps16M6SKYekhoZcIuEO1fVtkzIfpyKx8fxOGujWBZg/I8fUJg=="
    },
    "@lylajs/qq": {
      "version": "0.5.3",
      "resolved": "https://registry.npmjs.org/@lylajs/qq/-/qq-0.5.3.tgz",
      "integrity": "sha512-QhRmXXOddQ2Fbe+U0z+PztGhFJ2nySXcjBnUsqV+H/5aYVbgvVx6AIej/pIwBHTQJIqWlJj0vLPk+1jLbeqy4A==",
      "requires": {
        "@lylajs/core": "0.5.3"
      }
    }
  }
}
